// !$*UTF8*$!
{
	archiveVersion = 1;
	classes = {
	};
	objectVersion = 55;
	objects = {

/* Begin PBXBuildFile section */
		141A2A4428B954B800F6231D /* CircleImage.swift in Sources */ = {isa = PBXBuildFile; fileRef = 141A2A4328B954B800F6231D /* CircleImage.swift */; };
		14595D1528BA328D00D6C3C1 /* landmarkData.json in Resources */ = {isa = PBXBuildFile; fileRef = 14595D1428BA328D00D6C3C1 /* landmarkData.json */; };
		14595D1828BA334C00D6C3C1 /* LandmarkRow.swift in Sources */ = {isa = PBXBuildFile; fileRef = 14595D1728BA334C00D6C3C1 /* LandmarkRow.swift */; };
		14595D1A28BA3BBB00D6C3C1 /* LandmarkList.swift in Sources */ = {isa = PBXBuildFile; fileRef = 14595D1928BA3BBB00D6C3C1 /* LandmarkList.swift */; };
		14595D1C28BA407500D6C3C1 /* LandmarkDetail.swift in Sources */ = {isa = PBXBuildFile; fileRef = 14595D1B28BA407500D6C3C1 /* LandmarkDetail.swift */; };
		147C7D6228BA2A59006BCBCF /* Landmark.swift in Sources */ = {isa = PBXBuildFile; fileRef = 147C7D6128BA2A59006BCBCF /* Landmark.swift */; };
		147C7D6428BA2E44006BCBCF /* ModelData.swift in Sources */ = {isa = PBXBuildFile; fileRef = 147C7D6328BA2E44006BCBCF /* ModelData.swift */; };
		147E230F28A9A8FE00ED1D60 /* landmarksApp.swift in Sources */ = {isa = PBXBuildFile; fileRef = 147E230E28A9A8FE00ED1D60 /* landmarksApp.swift */; };
		147E231128A9A8FE00ED1D60 /* ContentView.swift in Sources */ = {isa = PBXBuildFile; fileRef = 147E231028A9A8FE00ED1D60 /* ContentView.swift */; };
		147E231328A9A8FE00ED1D60 /* Assets.xcassets in Resources */ = {isa = PBXBuildFile; fileRef = 147E231228A9A8FE00ED1D60 /* Assets.xcassets */; };
		147E231628A9A8FE00ED1D60 /* Preview Assets.xcassets in Resources */ = {isa = PBXBuildFile; fileRef = 147E231528A9A8FE00ED1D60 /* Preview Assets.xcassets */; };
		147E232028A9A8FF00ED1D60 /* landmarksTests.swift in Sources */ = {isa = PBXBuildFile; fileRef = 147E231F28A9A8FF00ED1D60 /* landmarksTests.swift */; };
		147E232A28A9A8FF00ED1D60 /* landmarksUITests.swift in Sources */ = {isa = PBXBuildFile; fileRef = 147E232928A9A8FF00ED1D60 /* landmarksUITests.swift */; };
		147E232C28A9A8FF00ED1D60 /* landmarksUITestsLaunchTests.swift in Sources */ = {isa = PBXBuildFile; fileRef = 147E232B28A9A8FF00ED1D60 /* landmarksUITestsLaunchTests.swift */; };
		14909F6E28B95664008CE943 /* MapView.swift in Sources */ = {isa = PBXBuildFile; fileRef = 14909F6D28B95664008CE943 /* MapView.swift */; };
/* End PBXBuildFile section */

/* Begin PBXContainerItemProxy section */
		147E231C28A9A8FF00ED1D60 /* PBXContainerItemProxy */ = {
			isa = PBXContainerItemProxy;
			containerPortal = 147E230328A9A8FE00ED1D60 /* Project object */;
			proxyType = 1;
			remoteGlobalIDString = 147E230A28A9A8FE00ED1D60;
			remoteInfo = landmarks;
		};
		147E232628A9A8FF00ED1D60 /* PBXContainerItemProxy */ = {
			isa = PBXContainerItemProxy;
			containerPortal = 147E230328A9A8FE00ED1D60 /* Project object */;
			proxyType = 1;
			remoteGlobalIDString = 147E230A28A9A8FE00ED1D60;
			remoteInfo = landmarks;
		};
/* End PBXContainerItemProxy section */

/* Begin PBXFileReference section */
		141A2A4328B954B800F6231D /* CircleImage.swift */ = {isa = PBXFileReference; lastKnownFileType = sourcecode.swift; path = CircleImage.swift; sourceTree = "<group>"; };
		14595D1428BA328D00D6C3C1 /* landmarkData.json */ = {isa = PBXFileReference; fileEncoding = 4; lastKnownFileType = text.json; path = landmarkData.json; sourceTree = "<group>"; };
		14595D1728BA334C00D6C3C1 /* LandmarkRow.swift */ = {isa = PBXFileReference; lastKnownFileType = sourcecode.swift; path = LandmarkRow.swift; sourceTree = "<group>"; };
		14595D1928BA3BBB00D6C3C1 /* LandmarkList.swift */ = {isa = PBXFileReference; lastKnownFileType = sourcecode.swift; path = LandmarkList.swift; sourceTree = "<group>"; };
		14595D1B28BA407500D6C3C1 /* LandmarkDetail.swift */ = {isa = PBXFileReference; lastKnownFileType = sourcecode.swift; path = LandmarkDetail.swift; sourceTree = "<group>"; };
		147C7D6128BA2A59006BCBCF /* Landmark.swift */ = {isa = PBXFileReference; lastKnownFileType = sourcecode.swift; path = Landmark.swift; sourceTree = "<group>"; };
		147C7D6328BA2E44006BCBCF /* ModelData.swift */ = {isa = PBXFileReference; lastKnownFileType = sourcecode.swift; path = ModelData.swift; sourceTree = "<group>"; };
		147E230B28A9A8FE00ED1D60 /* landmarks.app */ = {isa = PBXFileReference; explicitFileType = wrapper.application; includeInIndex = 0; path = landmarks.app; sourceTree = BUILT_PRODUCTS_DIR; };
		147E230E28A9A8FE00ED1D60 /* landmarksApp.swift */ = {isa = PBXFileReference; lastKnownFileType = sourcecode.swift; path = landmarksApp.swift; sourceTree = "<group>"; };
		147E231028A9A8FE00ED1D60 /* ContentView.swift */ = {isa = PBXFileReference; lastKnownFileType = sourcecode.swift; path = ContentView.swift; sourceTree = "<group>"; };
		147E231228A9A8FE00ED1D60 /* Assets.xcassets */ = {isa = PBXFileReference; lastKnownFileType = folder.assetcatalog; path = Assets.xcassets; sourceTree = "<group>"; };
		147E231528A9A8FE00ED1D60 /* Preview Assets.xcassets */ = {isa = PBXFileReference; lastKnownFileType = folder.assetcatalog; path = "Preview Assets.xcassets"; sourceTree = "<group>"; };
		147E231B28A9A8FF00ED1D60 /* landmarksTests.xctest */ = {isa = PBXFileReference; explicitFileType = wrapper.cfbundle; includeInIndex = 0; path = landmarksTests.xctest; sourceTree = BUILT_PRODUCTS_DIR; };
		147E231F28A9A8FF00ED1D60 /* landmarksTests.swift */ = {isa = PBXFileReference; lastKnownFileType = sourcecode.swift; path = landmarksTests.swift; sourceTree = "<group>"; };
		147E232528A9A8FF00ED1D60 /* landmarksUITests.xctest */ = {isa = PBXFileReference; explicitFileType = wrapper.cfbundle; includeInIndex = 0; path = landmarksUITests.xctest; sourceTree = BUILT_PRODUCTS_DIR; };
		147E232928A9A8FF00ED1D60 /* landmarksUITests.swift */ = {isa = PBXFileReference; lastKnownFileType = sourcecode.swift; path = landmarksUITests.swift; sourceTree = "<group>"; };
		147E232B28A9A8FF00ED1D60 /* landmarksUITestsLaunchTests.swift */ = {isa = PBXFileReference; lastKnownFileType = sourcecode.swift; path = landmarksUITestsLaunchTests.swift; sourceTree = "<group>"; };
		14909F6D28B95664008CE943 /* MapView.swift */ = {isa = PBXFileReference; lastKnownFileType = sourcecode.swift; path = MapView.swift; sourceTree = "<group>"; };
/* End PBXFileReference section */

/* Begin PBXFrameworksBuildPhase section */
		147E230828A9A8FE00ED1D60 /* Frameworks */ = {
			isa = PBXFrameworksBuildPhase;
			buildActionMask = 2147483647;
			files = (
			);
			runOnlyForDeploymentPostprocessing = 0;
		};
		147E231828A9A8FF00ED1D60 /* Frameworks */ = {
			isa = PBXFrameworksBuildPhase;
			buildActionMask = 2147483647;
			files = (
			);
			runOnlyForDeploymentPostprocessing = 0;
		};
		147E232228A9A8FF00ED1D60 /* Frameworks */ = {
			isa = PBXFrameworksBuildPhase;
			buildActionMask = 2147483647;
			files = (
			);
			runOnlyForDeploymentPostprocessing = 0;
		};
/* End PBXFrameworksBuildPhase section */

/* Begin PBXGroup section */
		14595D1628BA32D700D6C3C1 /* Resources */ = {
			isa = PBXGroup;
			children = (
				14595D1428BA328D00D6C3C1 /* landmarkData.json */,
			);
			path = Resources;
			sourceTree = "<group>";
		};
		147C7D6528BA2E55006BCBCF /* Views */ = {
			isa = PBXGroup;
			children = (
				147C7D6828BA307F006BCBCF /* Shared */,
				147C7D6728BA3073006BCBCF /* Screen */,
			);
			path = Views;
			sourceTree = "<group>";
		};
		147C7D6628BA2E7E006BCBCF /* Model */ = {
			isa = PBXGroup;
			children = (
				147C7D6328BA2E44006BCBCF /* ModelData.swift */,
				147C7D6128BA2A59006BCBCF /* Landmark.swift */,
			);
			path = Model;
			sourceTree = "<group>";
		};
		147C7D6728BA3073006BCBCF /* Screen */ = {
			isa = PBXGroup;
			children = (
				147E231028A9A8FE00ED1D60 /* ContentView.swift */,
			);
			path = Screen;
			sourceTree = "<group>";
		};
		147C7D6828BA307F006BCBCF /* Shared */ = {
			isa = PBXGroup;
			children = (
				141A2A4328B954B800F6231D /* CircleImage.swift */,
				14909F6D28B95664008CE943 /* MapView.swift */,
				14595D1728BA334C00D6C3C1 /* LandmarkRow.swift */,
				14595D1928BA3BBB00D6C3C1 /* LandmarkList.swift */,
				14595D1B28BA407500D6C3C1 /* LandmarkDetail.swift */,
			);
			path = Shared;
			sourceTree = "<group>";
		};
		147E230228A9A8FE00ED1D60 = {
			isa = PBXGroup;
			children = (
				147E230D28A9A8FE00ED1D60 /* landmarks */,
				147E231E28A9A8FF00ED1D60 /* landmarksTests */,
				147E232828A9A8FF00ED1D60 /* landmarksUITests */,
				147E230C28A9A8FE00ED1D60 /* Products */,
			);
			sourceTree = "<group>";
		};
		147E230C28A9A8FE00ED1D60 /* Products */ = {
			isa = PBXGroup;
			children = (
				147E230B28A9A8FE00ED1D60 /* landmarks.app */,
				147E231B28A9A8FF00ED1D60 /* landmarksTests.xctest */,
				147E232528A9A8FF00ED1D60 /* landmarksUITests.xctest */,
			);
			name = Products;
			sourceTree = "<group>";
		};
		147E230D28A9A8FE00ED1D60 /* landmarks */ = {
			isa = PBXGroup;
			children = (
				14595D1628BA32D700D6C3C1 /* Resources */,
				147C7D6628BA2E7E006BCBCF /* Model */,
				147C7D6528BA2E55006BCBCF /* Views */,
				147E230E28A9A8FE00ED1D60 /* landmarksApp.swift */,
				147E231228A9A8FE00ED1D60 /* Assets.xcassets */,
				147E231428A9A8FE00ED1D60 /* Preview Content */,
			);
			path = landmarks;
			sourceTree = "<group>";
		};
		147E231428A9A8FE00ED1D60 /* Preview Content */ = {
			isa = PBXGroup;
			children = (
				147E231528A9A8FE00ED1D60 /* Preview Assets.xcassets */,
			);
			path = "Preview Content";
			sourceTree = "<group>";
		};
		147E231E28A9A8FF00ED1D60 /* landmarksTests */ = {
			isa = PBXGroup;
			children = (
				147E231F28A9A8FF00ED1D60 /* landmarksTests.swift */,
			);
			path = landmarksTests;
			sourceTree = "<group>";
		};
		147E232828A9A8FF00ED1D60 /* landmarksUITests */ = {
			isa = PBXGroup;
			children = (
				147E232928A9A8FF00ED1D60 /* landmarksUITests.swift */,
				147E232B28A9A8FF00ED1D60 /* landmarksUITestsLaunchTests.swift */,
			);
			path = landmarksUITests;
			sourceTree = "<group>";
		};
/* End PBXGroup section */

/* Begin PBXNativeTarget section */
		147E230A28A9A8FE00ED1D60 /* landmarks */ = {
			isa = PBXNativeTarget;
			buildConfigurationList = 147E232F28A9A8FF00ED1D60 /* Build configuration list for PBXNativeTarget "landmarks" */;
			buildPhases = (
				147E230728A9A8FE00ED1D60 /* Sources */,
				147E230828A9A8FE00ED1D60 /* Frameworks */,
				147E230928A9A8FE00ED1D60 /* Resources */,
			);
			buildRules = (
			);
			dependencies = (
			);
			name = landmarks;
			productName = landmarks;
			productReference = 147E230B28A9A8FE00ED1D60 /* landmarks.app */;
			productType = "com.apple.product-type.application";
		};
		147E231A28A9A8FF00ED1D60 /* landmarksTests */ = {
			isa = PBXNativeTarget;
			buildConfigurationList = 147E233228A9A8FF00ED1D60 /* Build configuration list for PBXNativeTarget "landmarksTests" */;
			buildPhases = (
				147E231728A9A8FF00ED1D60 /* Sources */,
				147E231828A9A8FF00ED1D60 /* Frameworks */,
				147E231928A9A8FF00ED1D60 /* Resources */,
			);
			buildRules = (
			);
			dependencies = (
				147E231D28A9A8FF00ED1D60 /* PBXTargetDependency */,
			);
			name = landmarksTests;
			productName = landmarksTests;
			productReference = 147E231B28A9A8FF00ED1D60 /* landmarksTests.xctest */;
			productType = "com.apple.product-type.bundle.unit-test";
		};
		147E232428A9A8FF00ED1D60 /* landmarksUITests */ = {
			isa = PBXNativeTarget;
			buildConfigurationList = 147E233528A9A8FF00ED1D60 /* Build configuration list for PBXNativeTarget "landmarksUITests" */;
			buildPhases = (
				147E232128A9A8FF00ED1D60 /* Sources */,
				147E232228A9A8FF00ED1D60 /* Frameworks */,
				147E232328A9A8FF00ED1D60 /* Resources */,
			);
			buildRules = (
			);
			dependencies = (
				147E232728A9A8FF00ED1D60 /* PBXTargetDependency */,
			);
			name = landmarksUITests;
			productName = landmarksUITests;
			productReference = 147E232528A9A8FF00ED1D60 /* landmarksUITests.xctest */;
			productType = "com.apple.product-type.bundle.ui-testing";
		};
/* End PBXNativeTarget section */

/* Begin PBXProject section */
		147E230328A9A8FE00ED1D60 /* Project object */ = {
			isa = PBXProject;
			attributes = {
				BuildIndependentTargetsInParallel = 1;
				LastSwiftUpdateCheck = 1340;
				LastUpgradeCheck = 1340;
				TargetAttributes = {
					147E230A28A9A8FE00ED1D60 = {
						CreatedOnToolsVersion = 13.4.1;
					};
					147E231A28A9A8FF00ED1D60 = {
						CreatedOnToolsVersion = 13.4.1;
						TestTargetID = 147E230A28A9A8FE00ED1D60;
					};
					147E232428A9A8FF00ED1D60 = {
						CreatedOnToolsVersion = 13.4.1;
						TestTargetID = 147E230A28A9A8FE00ED1D60;
					};
				};
			};
			buildConfigurationList = 147E230628A9A8FE00ED1D60 /* Build configuration list for PBXProject "landmarks" */;
			compatibilityVersion = "Xcode 13.0";
			developmentRegion = en;
			hasScannedForEncodings = 0;
			knownRegions = (
				en,
				Base,
			);
			mainGroup = 147E230228A9A8FE00ED1D60;
			productRefGroup = 147E230C28A9A8FE00ED1D60 /* Products */;
			projectDirPath = "";
			projectRoot = "";
			targets = (
				147E230A28A9A8FE00ED1D60 /* landmarks */,
				147E231A28A9A8FF00ED1D60 /* landmarksTests */,
				147E232428A9A8FF00ED1D60 /* landmarksUITests */,
			);
		};
/* End PBXProject section */

/* Begin PBXResourcesBuildPhase section */
		147E230928A9A8FE00ED1D60 /* Resources */ = {
			isa = PBXResourcesBuildPhase;
			buildActionMask = 2147483647;
			files = (
				147E231628A9A8FE00ED1D60 /* Preview Assets.xcassets in Resources */,
				147E231328A9A8FE00ED1D60 /* Assets.xcassets in Resources */,
				14595D1528BA328D00D6C3C1 /* landmarkData.json in Resources */,
			);
			runOnlyForDeploymentPostprocessing = 0;
		};
		147E231928A9A8FF00ED1D60 /* Resources */ = {
			isa = PBXResourcesBuildPhase;
			buildActionMask = 2147483647;
			files = (
			);
			runOnlyForDeploymentPostprocessing = 0;
		};
		147E232328A9A8FF00ED1D60 /* Resources */ = {
			isa = PBXResourcesBuildPhase;
			buildActionMask = 2147483647;
			files = (
			);
			runOnlyForDeploymentPostprocessing = 0;
		};
/* End PBXResourcesBuildPhase section */

/* Begin PBXSourcesBuildPhase section */
		147E230728A9A8FE00ED1D60 /* Sources */ = {
			isa = PBXSourcesBuildPhase;
			buildActionMask = 2147483647;
			files = (
				147E231128A9A8FE00ED1D60 /* ContentView.swift in Sources */,
				14909F6E28B95664008CE943 /* MapView.swift in Sources */,
				147E230F28A9A8FE00ED1D60 /* landmarksApp.swift in Sources */,
				14595D1A28BA3BBB00D6C3C1 /* LandmarkList.swift in Sources */,
				14595D1C28BA407500D6C3C1 /* LandmarkDetail.swift in Sources */,
				141A2A4428B954B800F6231D /* CircleImage.swift in Sources */,
				147C7D6228BA2A59006BCBCF /* Landmark.swift in Sources */,
				14595D1828BA334C00D6C3C1 /* LandmarkRow.swift in Sources */,
				147C7D6428BA2E44006BCBCF /* ModelData.swift in Sources */,
			);
			runOnlyForDeploymentPostprocessing = 0;
		};
		147E231728A9A8FF00ED1D60 /* Sources */ = {
			isa = PBXSourcesBuildPhase;
			buildActionMask = 2147483647;
			files = (
				147E232028A9A8FF00ED1D60 /* landmarksTests.swift in Sources */,
			);
			runOnlyForDeploymentPostprocessing = 0;
		};
		147E232128A9A8FF00ED1D60 /* Sources */ = {
			isa = PBXSourcesBuildPhase;
			buildActionMask = 2147483647;
			files = (
				147E232C28A9A8FF00ED1D60 /* landmarksUITestsLaunchTests.swift in Sources */,
				147E232A28A9A8FF00ED1D60 /* landmarksUITests.swift in Sources */,
			);
			runOnlyForDeploymentPostprocessing = 0;
		};
/* End PBXSourcesBuildPhase section */

/* Begin PBXTargetDependency section */
		147E231D28A9A8FF00ED1D60 /* PBXTargetDependency */ = {
			isa = PBXTargetDependency;
			target = 147E230A28A9A8FE00ED1D60 /* landmarks */;
			targetProxy = 147E231C28A9A8FF00ED1D60 /* PBXContainerItemProxy */;
		};
		147E232728A9A8FF00ED1D60 /* PBXTargetDependency */ = {
			isa = PBXTargetDependency;
			target = 147E230A28A9A8FE00ED1D60 /* landmarks */;
			targetProxy = 147E232628A9A8FF00ED1D60 /* PBXContainerItemProxy */;
		};
/* End PBXTargetDependency section */

/* Begin XCBuildConfiguration section */
		147E232D28A9A8FF00ED1D60 /* Debug */ = {
			isa = XCBuildConfiguration;
			buildSettings = {
				ALWAYS_SEARCH_USER_PATHS = NO;
				CLANG_ANALYZER_NONNULL = YES;
				CLANG_ANALYZER_NUMBER_OBJECT_CONVERSION = YES_AGGRESSIVE;
				CLANG_CXX_LANGUAGE_STANDARD = "gnu++17";
				CLANG_ENABLE_MODULES = YES;
				CLANG_ENABLE_OBJC_ARC = YES;
				CLANG_ENABLE_OBJC_WEAK = YES;
				CLANG_WARN_BLOCK_CAPTURE_AUTORELEASING = YES;
				CLANG_WARN_BOOL_CONVERSION = YES;
				CLANG_WARN_COMMA = YES;
				CLANG_WARN_CONSTANT_CONVERSION = YES;
				CLANG_WARN_DEPRECATED_OBJC_IMPLEMENTATIONS = YES;
				CLANG_WARN_DIRECT_OBJC_ISA_USAGE = YES_ERROR;
				CLANG_WARN_DOCUMENTATION_COMMENTS = YES;
				CLANG_WARN_EMPTY_BODY = YES;
				CLANG_WARN_ENUM_CONVERSION = YES;
				CLANG_WARN_INFINITE_RECURSION = YES;
				CLANG_WARN_INT_CONVERSION = YES;
				CLANG_WARN_NON_LITERAL_NULL_CONVERSION = YES;
				CLANG_WARN_OBJC_IMPLICIT_RETAIN_SELF = YES;
				CLANG_WARN_OBJC_LITERAL_CONVERSION = YES;
				CLANG_WARN_OBJC_ROOT_CLASS = YES_ERROR;
				CLANG_WARN_QUOTED_INCLUDE_IN_FRAMEWORK_HEADER = YES;
				CLANG_WARN_RANGE_LOOP_ANALYSIS = YES;
				CLANG_WARN_STRICT_PROTOTYPES = YES;
				CLANG_WARN_SUSPICIOUS_MOVE = YES;
				CLANG_WARN_UNGUARDED_AVAILABILITY = YES_AGGRESSIVE;
				CLANG_WARN_UNREACHABLE_CODE = YES;
				CLANG_WARN__DUPLICATE_METHOD_MATCH = YES;
				COPY_PHASE_STRIP = NO;
				DEBUG_INFORMATION_FORMAT = dwarf;
				ENABLE_STRICT_OBJC_MSGSEND = YES;
				ENABLE_TESTABILITY = YES;
				GCC_C_LANGUAGE_STANDARD = gnu11;
				GCC_DYNAMIC_NO_PIC = NO;
				GCC_NO_COMMON_BLOCKS = YES;
				GCC_OPTIMIZATION_LEVEL = 0;
				GCC_PREPROCESSOR_DEFINITIONS = (
					"DEBUG=1",
					"$(inherited)",
				);
				GCC_WARN_64_TO_32_BIT_CONVERSION = YES;
				GCC_WARN_ABOUT_RETURN_TYPE = YES_ERROR;
				GCC_WARN_UNDECLARED_SELECTOR = YES;
				GCC_WARN_UNINITIALIZED_AUTOS = YES_AGGRESSIVE;
				GCC_WARN_UNUSED_FUNCTION = YES;
				GCC_WARN_UNUSED_VARIABLE = YES;
				IPHONEOS_DEPLOYMENT_TARGET = 15.5;
				MTL_ENABLE_DEBUG_INFO = INCLUDE_SOURCE;
				MTL_FAST_MATH = YES;
				ONLY_ACTIVE_ARCH = YES;
				SDKROOT = iphoneos;
				SWIFT_ACTIVE_COMPILATION_CONDITIONS = DEBUG;
				SWIFT_OPTIMIZATION_LEVEL = "-Onone";
			};
			name = Debug;
		};
		147E232E28A9A8FF00ED1D60 /* Release */ = {
			isa = XCBuildConfiguration;
			buildSettings = {
				ALWAYS_SEARCH_USER_PATHS = NO;
				CLANG_ANALYZER_NONNULL = YES;
				CLANG_ANALYZER_NUMBER_OBJECT_CONVERSION = YES_AGGRESSIVE;
				CLANG_CXX_LANGUAGE_STANDARD = "gnu++17";
				CLANG_ENABLE_MODULES = YES;
				CLANG_ENABLE_OBJC_ARC = YES;
				CLANG_ENABLE_OBJC_WEAK = YES;
				CLANG_WARN_BLOCK_CAPTURE_AUTORELEASING = YES;
				CLANG_WARN_BOOL_CONVERSION = YES;
				CLANG_WARN_COMMA = YES;
				CLANG_WARN_CONSTANT_CONVERSION = YES;
				CLANG_WARN_DEPRECATED_OBJC_IMPLEMENTATIONS = YES;
				CLANG_WARN_DIRECT_OBJC_ISA_USAGE = YES_ERROR;
				CLANG_WARN_DOCUMENTATION_COMMENTS = YES;
				CLANG_WARN_EMPTY_BODY = YES;
				CLANG_WARN_ENUM_CONVERSION = YES;
				CLANG_WARN_INFINITE_RECURSION = YES;
				CLANG_WARN_INT_CONVERSION = YES;
				CLANG_WARN_NON_LITERAL_NULL_CONVERSION = YES;
				CLANG_WARN_OBJC_IMPLICIT_RETAIN_SELF = YES;
				CLANG_WARN_OBJC_LITERAL_CONVERSION = YES;
				CLANG_WARN_OBJC_ROOT_CLASS = YES_ERROR;
				CLANG_WARN_QUOTED_INCLUDE_IN_FRAMEWORK_HEADER = YES;
				CLANG_WARN_RANGE_LOOP_ANALYSIS = YES;
				CLANG_WARN_STRICT_PROTOTYPES = YES;
				CLANG_WARN_SUSPICIOUS_MOVE = YES;
				CLANG_WARN_UNGUARDED_AVAILABILITY = YES_AGGRESSIVE;
				CLANG_WARN_UNREACHABLE_CODE = YES;
				CLANG_WARN__DUPLICATE_METHOD_MATCH = YES;
				COPY_PHASE_STRIP = NO;
				DEBUG_INFORMATION_FORMAT = "dwarf-with-dsym";
				ENABLE_NS_ASSERTIONS = NO;
				ENABLE_STRICT_OBJC_MSGSEND = YES;
				GCC_C_LANGUAGE_STANDARD = gnu11;
				GCC_NO_COMMON_BLOCKS = YES;
				GCC_WARN_64_TO_32_BIT_CONVERSION = YES;
				GCC_WARN_ABOUT_RETURN_TYPE = YES_ERROR;
				GCC_WARN_UNDECLARED_SELECTOR = YES;
				GCC_WARN_UNINITIALIZED_AUTOS = YES_AGGRESSIVE;
				GCC_WARN_UNUSED_FUNCTION = YES;
				GCC_WARN_UNUSED_VARIABLE = YES;
				IPHONEOS_DEPLOYMENT_TARGET = 15.5;
				MTL_ENABLE_DEBUG_INFO = NO;
				MTL_FAST_MATH = YES;
				SDKROOT = iphoneos;
				SWIFT_COMPILATION_MODE = wholemodule;
				SWIFT_OPTIMIZATION_LEVEL = "-O";
				VALIDATE_PRODUCT = YES;
			};
			name = Release;
		};
		147E233028A9A8FF00ED1D60 /* Debug */ = {
			isa = XCBuildConfiguration;
			buildSettings = {
				ASSETCATALOG_COMPILER_APPICON_NAME = AppIcon;
				ASSETCATALOG_COMPILER_GLOBAL_ACCENT_COLOR_NAME = AccentColor;
				CODE_SIGN_STYLE = Automatic;
				CURRENT_PROJECT_VERSION = 1;
				DEVELOPMENT_ASSET_PATHS = "\"landmarks/Preview Content\"";
				ENABLE_PREVIEWS = YES;
				GENERATE_INFOPLIST_FILE = YES;
				INFOPLIST_KEY_UIApplicationSceneManifest_Generation = YES;
				INFOPLIST_KEY_UIApplicationSupportsIndirectInputEvents = YES;
				INFOPLIST_KEY_UILaunchScreen_Generation = YES;
				INFOPLIST_KEY_UISupportedInterfaceOrientations_iPad = "UIInterfaceOrientationPortrait UIInterfaceOrientationPortraitUpsideDown UIInterfaceOrientationLandscapeLeft UIInterfaceOrientationLandscapeRight";
				INFOPLIST_KEY_UISupportedInterfaceOrientations_iPhone = "UIInterfaceOrientationPortrait UIInterfaceOrientationLandscapeLeft UIInterfaceOrientationLandscapeRight";
				LD_RUNPATH_SEARCH_PATHS = (
					"$(inherited)",
					"@executable_path/Frameworks",
				);
				MARKETING_VERSION = 1.0;
				PRODUCT_BUNDLE_IDENTIFIER = com.soulll.landmarks;
				PRODUCT_NAME = "$(TARGET_NAME)";
				SWIFT_EMIT_LOC_STRINGS = YES;
				SWIFT_VERSION = 5.0;
				TARGETED_DEVICE_FAMILY = "1,2";
			};
			name = Debug;
		};
		147E233128A9A8FF00ED1D60 /* Release */ = {
			isa = XCBuildConfiguration;
			buildSettings = {
				ASSETCATALOG_COMPILER_APPICON_NAME = AppIcon;
				ASSETCATALOG_COMPILER_GLOBAL_ACCENT_COLOR_NAME = AccentColor;
				CODE_SIGN_STYLE = Automatic;
				CURRENT_PROJECT_VERSION = 1;
				DEVELOPMENT_ASSET_PATHS = "\"landmarks/Preview Content\"";
				ENABLE_PREVIEWS = YES;
				GENERATE_INFOPLIST_FILE = YES;
				INFOPLIST_KEY_UIApplicationSceneManifest_Generation = YES;
				INFOPLIST_KEY_UIApplicationSupportsIndirectInputEvents = YES;
				INFOPLIST_KEY_UILaunchScreen_Generation = YES;
				INFOPLIST_KEY_UISupportedInterfaceOrientations_iPad = "UIInterfaceOrientationPortrait UIInterfaceOrientationPortraitUpsideDown UIInterfaceOrientationLandscapeLeft UIInterfaceOrientationLandscapeRight";
				INFOPLIST_KEY_UISupportedInterfaceOrientations_iPhone = "UIInterfaceOrientationPortrait UIInterfaceOrientationLandscapeLeft UIInterfaceOrientationLandscapeRight";
				LD_RUNPATH_SEARCH_PATHS = (
					"$(inherited)",
					"@executable_path/Frameworks",
				);
				MARKETING_VERSION = 1.0;
				PRODUCT_BUNDLE_IDENTIFIER = com.soulll.landmarks;
				PRODUCT_NAME = "$(TARGET_NAME)";
				SWIFT_EMIT_LOC_STRINGS = YES;
				SWIFT_VERSION = 5.0;
				TARGETED_DEVICE_FAMILY = "1,2";
			};
			name = Release;
		};
		147E233328A9A8FF00ED1D60 /* Debug */ = {
			isa = XCBuildConfiguration;
			buildSettings = {
				ALWAYS_EMBED_SWIFT_STANDARD_LIBRARIES = YES;
				BUNDLE_LOADER = "$(TEST_HOST)";
				CODE_SIGN_STYLE = Automatic;
				CURRENT_PROJECT_VERSION = 1;
				GENERATE_INFOPLIST_FILE = YES;
				IPHONEOS_DEPLOYMENT_TARGET = 15.5;
				MARKETING_VERSION = 1.0;
				PRODUCT_BUNDLE_IDENTIFIER = com.soulll.landmarksTests;
				PRODUCT_NAME = "$(TARGET_NAME)";
				SWIFT_EMIT_LOC_STRINGS = NO;
				SWIFT_VERSION = 5.0;
				TARGETED_DEVICE_FAMILY = "1,2";
				TEST_HOST = "$(BUILT_PRODUCTS_DIR)/landmarks.app/landmarks";
			};
			name = Debug;
		};
		147E233428A9A8FF00ED1D60 /* Release */ = {
			isa = XCBuildConfiguration;
			buildSettings = {
				ALWAYS_EMBED_SWIFT_STANDARD_LIBRARIES = YES;
				BUNDLE_LOADER = "$(TEST_HOST)";
				CODE_SIGN_STYLE = Automatic;
				CURRENT_PROJECT_VERSION = 1;
				GENERATE_INFOPLIST_FILE = YES;
				IPHONEOS_DEPLOYMENT_TARGET = 15.5;
				MARKETING_VERSION = 1.0;
				PRODUCT_BUNDLE_IDENTIFIER = com.soulll.landmarksTests;
				PRODUCT_NAME = "$(TARGET_NAME)";
				SWIFT_EMIT_LOC_STRINGS = NO;
				SWIFT_VERSION = 5.0;
				TARGETED_DEVICE_FAMILY = "1,2";
				TEST_HOST = "$(BUILT_PRODUCTS_DIR)/landmarks.app/landmarks";
			};
			name = Release;
		};
		147E233628A9A8FF00ED1D60 /* Debug */ = {
			isa = XCBuildConfiguration;
			buildSettings = {
				ALWAYS_EMBED_SWIFT_STANDARD_LIBRARIES = YES;
				CODE_SIGN_STYLE = Automatic;
				CURRENT_PROJECT_VERSION = 1;
				GENERATE_INFOPLIST_FILE = YES;
				MARKETING_VERSION = 1.0;
				PRODUCT_BUNDLE_IDENTIFIER = com.soulll.landmarksUITests;
				PRODUCT_NAME = "$(TARGET_NAME)";
				SWIFT_EMIT_LOC_STRINGS = NO;
				SWIFT_VERSION = 5.0;
				TARGETED_DEVICE_FAMILY = "1,2";
				TEST_TARGET_NAME = landmarks;
			};
			name = Debug;
		};
		147E233728A9A8FF00ED1D60 /* Release */ = {
			isa = XCBuildConfiguration;
			buildSettings = {
				ALWAYS_EMBED_SWIFT_STANDARD_LIBRARIES = YES;
				CODE_SIGN_STYLE = Automatic;
				CURRENT_PROJECT_VERSION = 1;
				GENERATE_INFOPLIST_FILE = YES;
				MARKETING_VERSION = 1.0;
				PRODUCT_BUNDLE_IDENTIFIER = com.soulll.landmarksUITests;
				PRODUCT_NAME = "$(TARGET_NAME)";
				SWIFT_EMIT_LOC_STRINGS = NO;
				SWIFT_VERSION = 5.0;
				TARGETED_DEVICE_FAMILY = "1,2";
				TEST_TARGET_NAME = landmarks;
			};
			name = Release;
		};
/* End XCBuildConfiguration section */

/* Begin XCConfigurationList section */
		147E230628A9A8FE00ED1D60 /* Build configuration list for PBXProject "landmarks" */ = {
			isa = XCConfigurationList;
			buildConfigurations = (
				147E232D28A9A8FF00ED1D60 /* Debug */,
				147E232E28A9A8FF00ED1D60 /* Release */,
			);
			defaultConfigurationIsVisible = 0;
			defaultConfigurationName = Release;
		};
		147E232F28A9A8FF00ED1D60 /* Build configuration list for PBXNativeTarget "landmarks" */ = {
			isa = XCConfigurationList;
			buildConfigurations = (
				147E233028A9A8FF00ED1D60 /* Debug */,
				147E233128A9A8FF00ED1D60 /* Release */,
			);
			defaultConfigurationIsVisible = 0;
			defaultConfigurationName = Release;
		};
		147E233228A9A8FF00ED1D60 /* Build configuration list for PBXNativeTarget "landmarksTests" */ = {
			isa = XCConfigurationList;
			buildConfigurations = (
				147E233328A9A8FF00ED1D60 /* Debug */,
				147E233428A9A8FF00ED1D60 /* Release */,
			);
			defaultConfigurationIsVisible = 0;
			defaultConfigurationName = Release;
		};
		147E233528A9A8FF00ED1D60 /* Build configuration list for PBXNativeTarget "landmarksUITests" */ = {
			isa = XCConfigurationList;
			buildConfigurations = (
				147E233628A9A8FF00ED1D60 /* Debug */,
				147E233728A9A8FF00ED1D60 /* Release */,
			);
			defaultConfigurationIsVisible = 0;
			defaultConfigurationName = Release;
		};
/* End XCConfigurationList section */
	};
	rootObject = 147E230328A9A8FE00ED1D60 /* Project object */;
}
